
Microsoft Visual Studio Solution File, Format Version 12.00
# Visual Studio Version 17
VisualStudioVersion = 17.14.36915.13
MinimumVisualStudioVersion = 10.0.40219.1
Project("{8BC9CEB8-8B4A-11D0-8D11-00A0C91BC942}") = "0101-HelloWorld", "0101-HelloWorld\0101-HelloWorld.vcxproj", "{F743AD60-67D0-4020-A556-68D8AF77D610}"
EndProject
Project("{8BC9CEB8-8B4A-11D0-8D11-00A0C91BC942}") = "0102-Age", "0102-Age\0102-Age.vcxproj", "{B1BCBEA3-26FB-4FDE-BEE8-F74301A017C2}"
EndProject
Project("{8BC9CEB8-8B4A-11D0-8D11-00A0C91BC942}") = "0103-Addition", "0103-Addition\0103-Addition.vcxproj", "{ABD10BC8-78FA-4161-A1BF-B2352B8E9BF6}"
EndProject
Project("{8BC9CEB8-8B4A-11D0-8D11-00A0C91BC942}") = "0104-Conditions", "0104-Conditions\0104-Conditions.vcxproj", "{0220228A-6C30-44D6-8886-D2CD5EA715A4}"
EndProject
Project("{8BC9CEB8-8B4A-11D0-8D11-00A0C91BC942}") = "0105-Boucles", "0105-Boucles\0105-Boucles.vcxproj", "{91A32236-967E-47F8-A44B-69128ED66C41}"
EndProject
Project("{8BC9CEB8-8B4A-11D0-8D11-00A0C91BC942}") = "0106-Fonctions", "0106-Fonctions\0106-Fonctions.vcxproj", "{CA4A0957-B6EC-4800-8B50-F47ACB304376}"
EndProject
Project("{8BC9CEB8-8B4A-11D0-8D11-00A0C91BC942}") = "0107-Surcharge", "0107-Surcharge\0107-Surcharge.vcxproj", "{6CF571FF-F1CC-463A-92DE-256FF5C43BCF}"
EndProject
Project("{8BC9CEB8-8B4A-11D0-8D11-00A0C91BC942}") = "0108-Separation", "0108-Separation\0108-Separation.vcxproj", "{CB915DD0-03A0-4933-AD25-9EAE1BAA2D06}"
EndProject
Project("{8BC9CEB8-8B4A-11D0-8D11-00A0C91BC942}") = "0109-Tableaux", "0109-Tableaux\0109-Tableaux.vcxproj", "{7C302F93-A953-4FE2-8507-307F027F27E9}"
EndProject
Project("{8BC9CEB8-8B4A-11D0-8D11-00A0C91BC942}") = "0110-Pointeurs", "0110-Pointeurs\0110-Pointeurs.vcxproj", "{5E1F8239-98FC-45D0-B915-F83E0EB2F67D}"
EndProject
Project("{8BC9CEB8-8B4A-11D0-8D11-00A0C91BC942}") = "0111-Allocation", "0111-Allocation\0111-Allocation.vcxproj", "{6E9E8C14-81C1-4EFB-B92B-64A67392376E}"
EndProject
Project("{8BC9CEB8-8B4A-11D0-8D11-00A0C91BC942}") = "0112-Allocation2", "0112-Allocation2\0112-Allocation2.vcxproj", "{125171FD-C34C-4A94-9A3E-6C6C25B38213}"
EndProject
Project("{8BC9CEB8-8B4A-11D0-8D11-00A0C91BC942}") = "0113-References", "0113-References\0113-References.vcxproj", "{BCA53F21-6AC9-4270-9FD2-D84D54EC741C}"
EndProject
Project("{8BC9CEB8-8B4A-11D0-8D11-00A0C91BC942}") = "0114-Const", "0114-Const\0114-Const.vcxproj", "{DF0EE122-ECCB-4945-A732-2CD544F93DCC}"
EndProject
Project("{8BC9CEB8-8B4A-11D0-8D11-00A0C91BC942}") = "0115-References2", "0115-References2\0115-References2.vcxproj", "{179B0911-91AF-4956-825F-E3F8799E7E76}"
EndProject
Project("{8BC9CEB8-8B4A-11D0-8D11-00A0C91BC942}") = "0116-Structures", "0116-Structures\0116-Structures.vcxproj", "{EC3D8C09-01BF-4118-A42F-6D8F9F15F200}"
EndProject
Project("{8BC9CEB8-8B4A-11D0-8D11-00A0C91BC942}") = "0117-Structures2", "0117-Structures2\0117-Structures2.vcxproj", "{9023FC07-FAA0-4733-983E-5AAFF2756E7A}"
EndProject
Project("{8BC9CEB8-8B4A-11D0-8D11-00A0C91BC942}") = "0118-Constructeurs", "0118-Constructeurs\0118-Constructeurs.vcxproj", "{B30E7600-F90A-42C7-B0EC-8233A16CBAB7}"
EndProject
Project("{8BC9CEB8-8B4A-11D0-8D11-00A0C91BC942}") = "0119-Destructeur", "0119-Destructeur\0119-Destructeur.vcxproj", "{B6120987-3EEF-4AAC-A947-61263C214EF5}"
EndProject
Global
	GlobalSection(SolutionConfigurationPlatforms) = preSolution
		Debug|x64 = Debug|x64
		Debug|x86 = Debug|x86
		Release|x64 = Release|x64
		Release|x86 = Release|x86
	EndGlobalSection
	GlobalSection(ProjectConfigurationPlatforms) = postSolution
		{F743AD60-67D0-4020-A556-68D8AF77D610}.Debug|x64.ActiveCfg = Debug|x64
		{F743AD60-67D0-4020-A556-68D8AF77D610}.Debug|x64.Build.0 = Debug|x64
		{F743AD60-67D0-4020-A556-68D8AF77D610}.Debug|x86.ActiveCfg = Debug|Win32
		{F743AD60-67D0-4020-A556-68D8AF77D610}.Debug|x86.Build.0 = Debug|Win32
		{F743AD60-67D0-4020-A556-68D8AF77D610}.Release|x64.ActiveCfg = Release|x64
		{F743AD60-67D0-4020-A556-68D8AF77D610}.Release|x64.Build.0 = Release|x64
		{F743AD60-67D0-4020-A556-68D8AF77D610}.Release|x86.ActiveCfg = Release|Win32
		{F743AD60-67D0-4020-A556-68D8AF77D610}.Release|x86.Build.0 = Release|Win32
		{B1BCBEA3-26FB-4FDE-BEE8-F74301A017C2}.Debug|x64.ActiveCfg = Debug|x64
		{B1BCBEA3-26FB-4FDE-BEE8-F74301A017C2}.Debug|x64.Build.0 = Debug|x64
		{B1BCBEA3-26FB-4FDE-BEE8-F74301A017C2}.Debug|x86.ActiveCfg = Debug|Win32
		{B1BCBEA3-26FB-4FDE-BEE8-F74301A017C2}.Debug|x86.Build.0 = Debug|Win32
		{B1BCBEA3-26FB-4FDE-BEE8-F74301A017C2}.Release|x64.ActiveCfg = Release|x64
		{B1BCBEA3-26FB-4FDE-BEE8-F74301A017C2}.Release|x64.Build.0 = Release|x64
		{B1BCBEA3-26FB-4FDE-BEE8-F74301A017C2}.Release|x86.ActiveCfg = Release|Win32
		{B1BCBEA3-26FB-4FDE-BEE8-F74301A017C2}.Release|x86.Build.0 = Release|Win32
		{ABD10BC8-78FA-4161-A1BF-B2352B8E9BF6}.Debug|x64.ActiveCfg = Debug|x64
		{ABD10BC8-78FA-4161-A1BF-B2352B8E9BF6}.Debug|x64.Build.0 = Debug|x64
		{ABD10BC8-78FA-4161-A1BF-B2352B8E9BF6}.Debug|x86.ActiveCfg = Debug|Win32
		{ABD10BC8-78FA-4161-A1BF-B2352B8E9BF6}.Debug|x86.Build.0 = Debug|Win32
		{ABD10BC8-78FA-4161-A1BF-B2352B8E9BF6}.Release|x64.ActiveCfg = Release|x64
		{ABD10BC8-78FA-4161-A1BF-B2352B8E9BF6}.Release|x64.Build.0 = Release|x64
		{ABD10BC8-78FA-4161-A1BF-B2352B8E9BF6}.Release|x86.ActiveCfg = Release|Win32
		{ABD10BC8-78FA-4161-A1BF-B2352B8E9BF6}.Release|x86.Build.0 = Release|Win32
		{0220228A-6C30-44D6-8886-D2CD5EA715A4}.Debug|x64.ActiveCfg = Debug|x64
		{0220228A-6C30-44D6-8886-D2CD5EA715A4}.Debug|x64.Build.0 = Debug|x64
		{0220228A-6C30-44D6-8886-D2CD5EA715A4}.Debug|x86.ActiveCfg = Debug|Win32
		{0220228A-6C30-44D6-8886-D2CD5EA715A4}.Debug|x86.Build.0 = Debug|Win32
		{0220228A-6C30-44D6-8886-D2CD5EA715A4}.Release|x64.ActiveCfg = Release|x64
		{0220228A-6C30-44D6-8886-D2CD5EA715A4}.Release|x64.Build.0 = Release|x64
		{0220228A-6C30-44D6-8886-D2CD5EA715A4}.Release|x86.ActiveCfg = Release|Win32
		{0220228A-6C30-44D6-8886-D2CD5EA715A4}.Release|x86.Build.0 = Release|Win32
		{91A32236-967E-47F8-A44B-69128ED66C41}.Debug|x64.ActiveCfg = Debug|x64
		{91A32236-967E-47F8-A44B-69128ED66C41}.Debug|x64.Build.0 = Debug|x64
		{91A32236-967E-47F8-A44B-69128ED66C41}.Debug|x86.ActiveCfg = Debug|Win32
		{91A32236-967E-47F8-A44B-69128ED66C41}.Debug|x86.Build.0 = Debug|Win32
		{91A32236-967E-47F8-A44B-69128ED66C41}.Release|x64.ActiveCfg = Release|x64
		{91A32236-967E-47F8-A44B-69128ED66C41}.Release|x64.Build.0 = Release|x64
		{91A32236-967E-47F8-A44B-69128ED66C41}.Release|x86.ActiveCfg = Release|Win32
		{91A32236-967E-47F8-A44B-69128ED66C41}.Release|x86.Build.0 = Release|Win32
		{CA4A0957-B6EC-4800-8B50-F47ACB304376}.Debug|x64.ActiveCfg = Debug|x64
		{CA4A0957-B6EC-4800-8B50-F47ACB304376}.Debug|x64.Build.0 = Debug|x64
		{CA4A0957-B6EC-4800-8B50-F47ACB304376}.Debug|x86.ActiveCfg = Debug|Win32
		{CA4A0957-B6EC-4800-8B50-F47ACB304376}.Debug|x86.Build.0 = Debug|Win32
		{CA4A0957-B6EC-4800-8B50-F47ACB304376}.Release|x64.ActiveCfg = Release|x64
		{CA4A0957-B6EC-4800-8B50-F47ACB304376}.Release|x64.Build.0 = Release|x64
		{CA4A0957-B6EC-4800-8B50-F47ACB304376}.Release|x86.ActiveCfg = Release|Win32
		{CA4A0957-B6EC-4800-8B50-F47ACB304376}.Release|x86.Build.0 = Release|Win32
		{6CF571FF-F1CC-463A-92DE-256FF5C43BCF}.Debug|x64.ActiveCfg = Debug|x64
		{6CF571FF-F1CC-463A-92DE-256FF5C43BCF}.Debug|x64.Build.0 = Debug|x64
		{6CF571FF-F1CC-463A-92DE-256FF5C43BCF}.Debug|x86.ActiveCfg = Debug|Win32
		{6CF571FF-F1CC-463A-92DE-256FF5C43BCF}.Debug|x86.Build.0 = Debug|Win32
		{6CF571FF-F1CC-463A-92DE-256FF5C43BCF}.Release|x64.ActiveCfg = Release|x64
		{6CF571FF-F1CC-463A-92DE-256FF5C43BCF}.Release|x64.Build.0 = Release|x64
		{6CF571FF-F1CC-463A-92DE-256FF5C43BCF}.Release|x86.ActiveCfg = Release|Win32
		{6CF571FF-F1CC-463A-92DE-256FF5C43BCF}.Release|x86.Build.0 = Release|Win32
		{CB915DD0-03A0-4933-AD25-9EAE1BAA2D06}.Debug|x64.ActiveCfg = Debug|x64
		{CB915DD0-03A0-4933-AD25-9EAE1BAA2D06}.Debug|x64.Build.0 = Debug|x64
		{CB915DD0-03A0-4933-AD25-9EAE1BAA2D06}.Debug|x86.ActiveCfg = Debug|Win32
		{CB915DD0-03A0-4933-AD25-9EAE1BAA2D06}.Debug|x86.Build.0 = Debug|Win32
		{CB915DD0-03A0-4933-AD25-9EAE1BAA2D06}.Release|x64.ActiveCfg = Release|x64
		{CB915DD0-03A0-4933-AD25-9EAE1BAA2D06}.Release|x64.Build.0 = Release|x64
		{CB915DD0-03A0-4933-AD25-9EAE1BAA2D06}.Release|x86.ActiveCfg = Release|Win32
		{CB915DD0-03A0-4933-AD25-9EAE1BAA2D06}.Release|x86.Build.0 = Release|Win32
		{7C302F93-A953-4FE2-8507-307F027F27E9}.Debug|x64.ActiveCfg = Debug|x64
		{7C302F93-A953-4FE2-8507-307F027F27E9}.Debug|x64.Build.0 = Debug|x64
		{7C302F93-A953-4FE2-8507-307F027F27E9}.Debug|x86.ActiveCfg = Debug|Win32
		{7C302F93-A953-4FE2-8507-307F027F27E9}.Debug|x86.Build.0 = Debug|Win32
		{7C302F93-A953-4FE2-8507-307F027F27E9}.Release|x64.ActiveCfg = Release|x64
		{7C302F93-A953-4FE2-8507-307F027F27E9}.Release|x64.Build.0 = Release|x64
		{7C302F93-A953-4FE2-8507-307F027F27E9}.Release|x86.ActiveCfg = Release|Win32
		{7C302F93-A953-4FE2-8507-307F027F27E9}.Release|x86.Build.0 = Release|Win32
		{5E1F8239-98FC-45D0-B915-F83E0EB2F67D}.Debug|x64.ActiveCfg = Debug|x64
		{5E1F8239-98FC-45D0-B915-F83E0EB2F67D}.Debug|x64.Build.0 = Debug|x64
		{5E1F8239-98FC-45D0-B915-F83E0EB2F67D}.Debug|x86.ActiveCfg = Debug|Win32
		{5E1F8239-98FC-45D0-B915-F83E0EB2F67D}.Debug|x86.Build.0 = Debug|Win32
		{5E1F8239-98FC-45D0-B915-F83E0EB2F67D}.Release|x64.ActiveCfg = Release|x64
		{5E1F8239-98FC-45D0-B915-F83E0EB2F67D}.Release|x64.Build.0 = Release|x64
		{5E1F8239-98FC-45D0-B915-F83E0EB2F67D}.Release|x86.ActiveCfg = Release|Win32
		{5E1F8239-98FC-45D0-B915-F83E0EB2F67D}.Release|x86.Build.0 = Release|Win32
		{6E9E8C14-81C1-4EFB-B92B-64A67392376E}.Debug|x64.ActiveCfg = Debug|x64
		{6E9E8C14-81C1-4EFB-B92B-64A67392376E}.Debug|x64.Build.0 = Debug|x64
		{6E9E8C14-81C1-4EFB-B92B-64A67392376E}.Debug|x86.ActiveCfg = Debug|Win32
		{6E9E8C14-81C1-4EFB-B92B-64A67392376E}.Debug|x86.Build.0 = Debug|Win32
		{6E9E8C14-81C1-4EFB-B92B-64A67392376E}.Release|x64.ActiveCfg = Release|x64
		{6E9E8C14-81C1-4EFB-B92B-64A67392376E}.Release|x64.Build.0 = Release|x64
		{6E9E8C14-81C1-4EFB-B92B-64A67392376E}.Release|x86.ActiveCfg = Release|Win32
		{6E9E8C14-81C1-4EFB-B92B-64A67392376E}.Release|x86.Build.0 = Release|Win32
		{125171FD-C34C-4A94-9A3E-6C6C25B38213}.Debug|x64.ActiveCfg = Debug|x64
		{125171FD-C34C-4A94-9A3E-6C6C25B38213}.Debug|x64.Build.0 = Debug|x64
		{125171FD-C34C-4A94-9A3E-6C6C25B38213}.Debug|x86.ActiveCfg = Debug|Win32
		{125171FD-C34C-4A94-9A3E-6C6C25B38213}.Debug|x86.Build.0 = Debug|Win32
		{125171FD-C34C-4A94-9A3E-6C6C25B38213}.Release|x64.ActiveCfg = Release|x64
		{125171FD-C34C-4A94-9A3E-6C6C25B38213}.Release|x64.Build.0 = Release|x64
		{125171FD-C34C-4A94-9A3E-6C6C25B38213}.Release|x86.ActiveCfg = Release|Win32
		{125171FD-C34C-4A94-9A3E-6C6C25B38213}.Release|x86.Build.0 = Release|Win32
		{BCA53F21-6AC9-4270-9FD2-D84D54EC741C}.Debug|x64.ActiveCfg = Debug|x64
		{BCA53F21-6AC9-4270-9FD2-D84D54EC741C}.Debug|x64.Build.0 = Debug|x64
		{BCA53F21-6AC9-4270-9FD2-D84D54EC741C}.Debug|x86.ActiveCfg = Debug|Win32
		{BCA53F21-6AC9-4270-9FD2-D84D54EC741C}.Debug|x86.Build.0 = Debug|Win32
		{BCA53F21-6AC9-4270-9FD2-D84D54EC741C}.Release|x64.ActiveCfg = Release|x64
		{BCA53F21-6AC9-4270-9FD2-D84D54EC741C}.Release|x64.Build.0 = Release|x64
		{BCA53F21-6AC9-4270-9FD2-D84D54EC741C}.Release|x86.ActiveCfg = Release|Win32
		{BCA53F21-6AC9-4270-9FD2-D84D54EC741C}.Release|x86.Build.0 = Release|Win32
		{DF0EE122-ECCB-4945-A732-2CD544F93DCC}.Debug|x64.ActiveCfg = Debug|x64
		{DF0EE122-ECCB-4945-A732-2CD544F93DCC}.Debug|x64.Build.0 = Debug|x64
		{DF0EE122-ECCB-4945-A732-2CD544F93DCC}.Debug|x86.ActiveCfg = Debug|Win32
		{DF0EE122-ECCB-4945-A732-2CD544F93DCC}.Debug|x86.Build.0 = Debug|Win32
		{DF0EE122-ECCB-4945-A732-2CD544F93DCC}.Release|x64.ActiveCfg = Release|x64
		{DF0EE122-ECCB-4945-A732-2CD544F93DCC}.Release|x64.Build.0 = Release|x64
		{DF0EE122-ECCB-4945-A732-2CD544F93DCC}.Release|x86.ActiveCfg = Release|Win32
		{DF0EE122-ECCB-4945-A732-2CD544F93DCC}.Release|x86.Build.0 = Release|Win32
		{179B0911-91AF-4956-825F-E3F8799E7E76}.Debug|x64.ActiveCfg = Debug|x64
		{179B0911-91AF-4956-825F-E3F8799E7E76}.Debug|x64.Build.0 = Debug|x64
		{179B0911-91AF-4956-825F-E3F8799E7E76}.Debug|x86.ActiveCfg = Debug|Win32
		{179B0911-91AF-4956-825F-E3F8799E7E76}.Debug|x86.Build.0 = Debug|Win32
		{179B0911-91AF-4956-825F-E3F8799E7E76}.Release|x64.ActiveCfg = Release|x64
		{179B0911-91AF-4956-825F-E3F8799E7E76}.Release|x64.Build.0 = Release|x64
		{179B0911-91AF-4956-825F-E3F8799E7E76}.Release|x86.ActiveCfg = Release|Win32
		{179B0911-91AF-4956-825F-E3F8799E7E76}.Release|x86.Build.0 = Release|Win32
		{EC3D8C09-01BF-4118-A42F-6D8F9F15F200}.Debug|x64.ActiveCfg = Debug|x64
		{EC3D8C09-01BF-4118-A42F-6D8F9F15F200}.Debug|x64.Build.0 = Debug|x64
		{EC3D8C09-01BF-4118-A42F-6D8F9F15F200}.Debug|x86.ActiveCfg = Debug|Win32
		{EC3D8C09-01BF-4118-A42F-6D8F9F15F200}.Debug|x86.Build.0 = Debug|Win32
		{EC3D8C09-01BF-4118-A42F-6D8F9F15F200}.Release|x64.ActiveCfg = Release|x64
		{EC3D8C09-01BF-4118-A42F-6D8F9F15F200}.Release|x64.Build.0 = Release|x64
		{EC3D8C09-01BF-4118-A42F-6D8F9F15F200}.Release|x86.ActiveCfg = Release|Win32
		{EC3D8C09-01BF-4118-A42F-6D8F9F15F200}.Release|x86.Build.0 = Release|Win32
		{9023FC07-FAA0-4733-983E-5AAFF2756E7A}.Debug|x64.ActiveCfg = Debug|x64
		{9023FC07-FAA0-4733-983E-5AAFF2756E7A}.Debug|x64.Build.0 = Debug|x64
		{9023FC07-FAA0-4733-983E-5AAFF2756E7A}.Debug|x86.ActiveCfg = Debug|Win32
		{9023FC07-FAA0-4733-983E-5AAFF2756E7A}.Debug|x86.Build.0 = Debug|Win32
		{9023FC07-FAA0-4733-983E-5AAFF2756E7A}.Release|x64.ActiveCfg = Release|x64
		{9023FC07-FAA0-4733-983E-5AAFF2756E7A}.Release|x64.Build.0 = Release|x64
		{9023FC07-FAA0-4733-983E-5AAFF2756E7A}.Release|x86.ActiveCfg = Release|Win32
		{9023FC07-FAA0-4733-983E-5AAFF2756E7A}.Release|x86.Build.0 = Release|Win32
		{B30E7600-F90A-42C7-B0EC-8233A16CBAB7}.Debug|x64.ActiveCfg = Debug|x64
		{B30E7600-F90A-42C7-B0EC-8233A16CBAB7}.Debug|x64.Build.0 = Debug|x64
		{B30E7600-F90A-42C7-B0EC-8233A16CBAB7}.Debug|x86.ActiveCfg = Debug|Win32
		{B30E7600-F90A-42C7-B0EC-8233A16CBAB7}.Debug|x86.Build.0 = Debug|Win32
		{B30E7600-F90A-42C7-B0EC-8233A16CBAB7}.Release|x64.ActiveCfg = Release|x64
		{B30E7600-F90A-42C7-B0EC-8233A16CBAB7}.Release|x64.Build.0 = Release|x64
		{B30E7600-F90A-42C7-B0EC-8233A16CBAB7}.Release|x86.ActiveCfg = Release|Win32
		{B30E7600-F90A-42C7-B0EC-8233A16CBAB7}.Release|x86.Build.0 = Release|Win32
		{B6120987-3EEF-4AAC-A947-61263C214EF5}.Debug|x64.ActiveCfg = Debug|x64
		{B6120987-3EEF-4AAC-A947-61263C214EF5}.Debug|x64.Build.0 = Debug|x64
		{B6120987-3EEF-4AAC-A947-61263C214EF5}.Debug|x86.ActiveCfg = Debug|Win32
		{B6120987-3EEF-4AAC-A947-61263C214EF5}.Debug|x86.Build.0 = Debug|Win32
		{B6120987-3EEF-4AAC-A947-61263C214EF5}.Release|x64.ActiveCfg = Release|x64
		{B6120987-3EEF-4AAC-A947-61263C214EF5}.Release|x64.Build.0 = Release|x64
		{B6120987-3EEF-4AAC-A947-61263C214EF5}.Release|x86.ActiveCfg = Release|Win32
		{B6120987-3EEF-4AAC-A947-61263C214EF5}.Release|x86.Build.0 = Release|Win32
	EndGlobalSection
	GlobalSection(SolutionProperties) = preSolution
		HideSolutionNode = FALSE
	EndGlobalSection
	GlobalSection(ExtensibilityGlobals) = postSolution
		SolutionGuid = {F41912FB-1AB4-4781-8E30-6DBE15B61D50}
	EndGlobalSection
EndGlobal
