
Microsoft Visual Studio Solution File, Format Version 12.00
# Visual Studio Version 17
VisualStudioVersion = 17.14.36915.13
MinimumVisualStudioVersion = 10.0.40219.1
Project("{8BC9CEB8-8B4A-11D0-8D11-00A0C91BC942}") = "02.0 HelloWorld", "HelloWorld\HelloWorld.vcxproj", "{4B28560D-3D3E-4EF9-B08D-E2F04318C8E0}"
EndProject
Project("{8BC9CEB8-8B4A-11D0-8D11-00A0C91BC942}") = "02.1 Calculatrice", "Calculatrice\Calculatrice.vcxproj", "{97D3D0AB-40B3-4A07-B955-17CA40C41DFB}"
EndProject
Project("{8BC9CEB8-8B4A-11D0-8D11-00A0C91BC942}") = "02.2e Contacts (vector)", "02.2 Contacts\02.2 Contacts.vcxproj", "{D17512CD-55EC-4BB7-9D66-BBD77A2C7DE3}"
EndProject
Project("{8BC9CEB8-8B4A-11D0-8D11-00A0C91BC942}") = "02.2a Révisions sur les tableaux", "02.2a Tableau dynamique\02.2a Tableau dynamique.vcxproj", "{9042C3D9-B83A-473C-96CF-CEDE43BDDA77}"
EndProject
Project("{8BC9CEB8-8B4A-11D0-8D11-00A0C91BC942}") = "02.2b Tableau dynamique", "02.2b Tableau dynamique\02.2b Tableau dynamique.vcxproj", "{E1A9F1A1-2A3F-4A12-9747-8C51A76A9F62}"
EndProject
Project("{8BC9CEB8-8B4A-11D0-8D11-00A0C91BC942}") = "02.2c Objet Tableau Dynamique", "02.2c Objet Tableau Dynamique\02.2c Objet Tableau Dynamique.vcxproj", "{21859C6F-26BB-4D13-B65C-1954E481CAD5}"
EndProject
Project("{8BC9CEB8-8B4A-11D0-8D11-00A0C91BC942}") = "02.2d Contacts (style C)", "02.2d Contacts (style C)\02.2d Contacts (style C).vcxproj", "{E90F84B9-82AE-4D7C-A139-BE6CB521FCE5}"
EndProject
Global
	GlobalSection(SolutionConfigurationPlatforms) = preSolution
		Debug|x64 = Debug|x64
		Debug|x86 = Debug|x86
		Release|x64 = Release|x64
		Release|x86 = Release|x86
	EndGlobalSection
	GlobalSection(ProjectConfigurationPlatforms) = postSolution
		{4B28560D-3D3E-4EF9-B08D-E2F04318C8E0}.Debug|x64.ActiveCfg = Debug|x64
		{4B28560D-3D3E-4EF9-B08D-E2F04318C8E0}.Debug|x64.Build.0 = Debug|x64
		{4B28560D-3D3E-4EF9-B08D-E2F04318C8E0}.Debug|x86.ActiveCfg = Debug|Win32
		{4B28560D-3D3E-4EF9-B08D-E2F04318C8E0}.Debug|x86.Build.0 = Debug|Win32
		{4B28560D-3D3E-4EF9-B08D-E2F04318C8E0}.Release|x64.ActiveCfg = Release|x64
		{4B28560D-3D3E-4EF9-B08D-E2F04318C8E0}.Release|x64.Build.0 = Release|x64
		{4B28560D-3D3E-4EF9-B08D-E2F04318C8E0}.Release|x86.ActiveCfg = Release|Win32
		{4B28560D-3D3E-4EF9-B08D-E2F04318C8E0}.Release|x86.Build.0 = Release|Win32
		{97D3D0AB-40B3-4A07-B955-17CA40C41DFB}.Debug|x64.ActiveCfg = Debug|x64
		{97D3D0AB-40B3-4A07-B955-17CA40C41DFB}.Debug|x64.Build.0 = Debug|x64
		{97D3D0AB-40B3-4A07-B955-17CA40C41DFB}.Debug|x86.ActiveCfg = Debug|Win32
		{97D3D0AB-40B3-4A07-B955-17CA40C41DFB}.Debug|x86.Build.0 = Debug|Win32
		{97D3D0AB-40B3-4A07-B955-17CA40C41DFB}.Release|x64.ActiveCfg = Release|x64
		{97D3D0AB-40B3-4A07-B955-17CA40C41DFB}.Release|x64.Build.0 = Release|x64
		{97D3D0AB-40B3-4A07-B955-17CA40C41DFB}.Release|x86.ActiveCfg = Release|Win32
		{97D3D0AB-40B3-4A07-B955-17CA40C41DFB}.Release|x86.Build.0 = Release|Win32
		{D17512CD-55EC-4BB7-9D66-BBD77A2C7DE3}.Debug|x64.ActiveCfg = Debug|x64
		{D17512CD-55EC-4BB7-9D66-BBD77A2C7DE3}.Debug|x64.Build.0 = Debug|x64
		{D17512CD-55EC-4BB7-9D66-BBD77A2C7DE3}.Debug|x86.ActiveCfg = Debug|Win32
		{D17512CD-55EC-4BB7-9D66-BBD77A2C7DE3}.Debug|x86.Build.0 = Debug|Win32
		{D17512CD-55EC-4BB7-9D66-BBD77A2C7DE3}.Release|x64.ActiveCfg = Release|x64
		{D17512CD-55EC-4BB7-9D66-BBD77A2C7DE3}.Release|x64.Build.0 = Release|x64
		{D17512CD-55EC-4BB7-9D66-BBD77A2C7DE3}.Release|x86.ActiveCfg = Release|Win32
		{D17512CD-55EC-4BB7-9D66-BBD77A2C7DE3}.Release|x86.Build.0 = Release|Win32
		{9042C3D9-B83A-473C-96CF-CEDE43BDDA77}.Debug|x64.ActiveCfg = Debug|x64
		{9042C3D9-B83A-473C-96CF-CEDE43BDDA77}.Debug|x64.Build.0 = Debug|x64
		{9042C3D9-B83A-473C-96CF-CEDE43BDDA77}.Debug|x86.ActiveCfg = Debug|Win32
		{9042C3D9-B83A-473C-96CF-CEDE43BDDA77}.Debug|x86.Build.0 = Debug|Win32
		{9042C3D9-B83A-473C-96CF-CEDE43BDDA77}.Release|x64.ActiveCfg = Release|x64
		{9042C3D9-B83A-473C-96CF-CEDE43BDDA77}.Release|x64.Build.0 = Release|x64
		{9042C3D9-B83A-473C-96CF-CEDE43BDDA77}.Release|x86.ActiveCfg = Release|Win32
		{9042C3D9-B83A-473C-96CF-CEDE43BDDA77}.Release|x86.Build.0 = Release|Win32
		{E1A9F1A1-2A3F-4A12-9747-8C51A76A9F62}.Debug|x64.ActiveCfg = Debug|x64
		{E1A9F1A1-2A3F-4A12-9747-8C51A76A9F62}.Debug|x64.Build.0 = Debug|x64
		{E1A9F1A1-2A3F-4A12-9747-8C51A76A9F62}.Debug|x86.ActiveCfg = Debug|Win32
		{E1A9F1A1-2A3F-4A12-9747-8C51A76A9F62}.Debug|x86.Build.0 = Debug|Win32
		{E1A9F1A1-2A3F-4A12-9747-8C51A76A9F62}.Release|x64.ActiveCfg = Release|x64
		{E1A9F1A1-2A3F-4A12-9747-8C51A76A9F62}.Release|x64.Build.0 = Release|x64
		{E1A9F1A1-2A3F-4A12-9747-8C51A76A9F62}.Release|x86.ActiveCfg = Release|Win32
		{E1A9F1A1-2A3F-4A12-9747-8C51A76A9F62}.Release|x86.Build.0 = Release|Win32
		{21859C6F-26BB-4D13-B65C-1954E481CAD5}.Debug|x64.ActiveCfg = Debug|x64
		{21859C6F-26BB-4D13-B65C-1954E481CAD5}.Debug|x64.Build.0 = Debug|x64
		{21859C6F-26BB-4D13-B65C-1954E481CAD5}.Debug|x86.ActiveCfg = Debug|Win32
		{21859C6F-26BB-4D13-B65C-1954E481CAD5}.Debug|x86.Build.0 = Debug|Win32
		{21859C6F-26BB-4D13-B65C-1954E481CAD5}.Release|x64.ActiveCfg = Release|x64
		{21859C6F-26BB-4D13-B65C-1954E481CAD5}.Release|x64.Build.0 = Release|x64
		{21859C6F-26BB-4D13-B65C-1954E481CAD5}.Release|x86.ActiveCfg = Release|Win32
		{21859C6F-26BB-4D13-B65C-1954E481CAD5}.Release|x86.Build.0 = Release|Win32
		{E90F84B9-82AE-4D7C-A139-BE6CB521FCE5}.Debug|x64.ActiveCfg = Debug|x64
		{E90F84B9-82AE-4D7C-A139-BE6CB521FCE5}.Debug|x64.Build.0 = Debug|x64
		{E90F84B9-82AE-4D7C-A139-BE6CB521FCE5}.Debug|x86.ActiveCfg = Debug|Win32
		{E90F84B9-82AE-4D7C-A139-BE6CB521FCE5}.Debug|x86.Build.0 = Debug|Win32
		{E90F84B9-82AE-4D7C-A139-BE6CB521FCE5}.Release|x64.ActiveCfg = Release|x64
		{E90F84B9-82AE-4D7C-A139-BE6CB521FCE5}.Release|x64.Build.0 = Release|x64
		{E90F84B9-82AE-4D7C-A139-BE6CB521FCE5}.Release|x86.ActiveCfg = Release|Win32
		{E90F84B9-82AE-4D7C-A139-BE6CB521FCE5}.Release|x86.Build.0 = Release|Win32
	EndGlobalSection
	GlobalSection(SolutionProperties) = preSolution
		HideSolutionNode = FALSE
	EndGlobalSection
	GlobalSection(ExtensibilityGlobals) = postSolution
		SolutionGuid = {C57F57D5-CECD-46F9-8B1A-314A40272CB2}
	EndGlobalSection
EndGlobal
